
Microsoft Visual Studio Solution File, Format Version 12.00
# Visual Studio Version 16
VisualStudioVersion = 16.0.31005.135
MinimumVisualStudioVersion = 10.0.40219.1
Project("{FAE04EC0-301F-11D3-BF4B-00C04F79EFBC}") = "CursoMVC", "CursoMVC.csproj", "{BE51FA4C-E982-4B25-A40C-C4A0B01CACA7}"
EndProject
Global
	GlobalSection(SolutionConfigurationPlatforms) = preSolution
		Debug|Any CPU = Debug|Any CPU
		Release|Any CPU = Release|Any CPU
	EndGlobalSection
	GlobalSection(ProjectConfigurationPlatforms) = postSolution
		{BE51FA4C-E982-4B25-A40C-C4A0B01CACA7}.Debug|Any CPU.ActiveCfg = Debug|Any CPU
		{BE51FA4C-E982-4B25-A40C-C4A0B01CACA7}.Debug|Any CPU.Build.0 = Debug|Any CPU
		{BE51FA4C-E982-4B25-A40C-C4A0B01CACA7}.Release|Any CPU.ActiveCfg = Release|Any CPU
		{BE51FA4C-E982-4B25-A40C-C4A0B01CACA7}.Release|Any CPU.Build.0 = Release|Any CPU
	EndGlobalSection
	GlobalSection(SolutionProperties) = preSolution
		HideSolutionNode = FALSE
	EndGlobalSection
	GlobalSection(ExtensibilityGlobals) = postSolution
		SolutionGuid = {16EEFF2D-F1C2-4F6D-B25A-90257B8CA9DD}
	EndGlobalSection
EndGlobal
